// !$*UTF8*$!
{
	archiveVersion = 1;
	classes = {
	};
	objectVersion = 46;
	objects = {

/* Begin PBXBuildFile section */
		660509541C0AA3B100012C7F /* Store.swift in Sources */ = {isa = PBXBuildFile; fileRef = 660509531C0AA3B100012C7F /* Store.swift */; };
		660509571C0ABB0B00012C7F /* SwiftDate.framework in Frameworks */ = {isa = PBXBuildFile; fileRef = 660509561C0ABB0B00012C7F /* SwiftDate.framework */; };
		660509591C0ABB1A00012C7F /* SwiftDate.framework.dSYM in Resources */ = {isa = PBXBuildFile; fileRef = 660509581C0ABB1A00012C7F /* SwiftDate.framework.dSYM */; };
		6605095A1C0ABB2C00012C7F /* SwiftDate.framework.dSYM in CopyFiles */ = {isa = PBXBuildFile; fileRef = 660509581C0ABB1A00012C7F /* SwiftDate.framework.dSYM */; };
		6605095D1C0B906100012C7F /* Crashlytics.framework in Frameworks */ = {isa = PBXBuildFile; fileRef = 6605095B1C0B906100012C7F /* Crashlytics.framework */; };
		6605095E1C0B906100012C7F /* Fabric.framework in Frameworks */ = {isa = PBXBuildFile; fileRef = 6605095C1C0B906100012C7F /* Fabric.framework */; };
		660509641C0BA17700012C7F /* Step.swift in Sources */ = {isa = PBXBuildFile; fileRef = 660509631C0BA17700012C7F /* Step.swift */; };
		6634D0401BF7F73E00127F4C /* Extensions.swift in Sources */ = {isa = PBXBuildFile; fileRef = 6634D03F1BF7F73E00127F4C /* Extensions.swift */; };
		663CF08D1BB111C000C0C630 /* AppDelegate.swift in Sources */ = {isa = PBXBuildFile; fileRef = 663CF08C1BB111C000C0C630 /* AppDelegate.swift */; };
		663CF08F1BB111C000C0C630 /* ViewController.swift in Sources */ = {isa = PBXBuildFile; fileRef = 663CF08E1BB111C000C0C630 /* ViewController.swift */; };
		663CF0921BB111C000C0C630 /* Main.storyboard in Resources */ = {isa = PBXBuildFile; fileRef = 663CF0901BB111C000C0C630 /* Main.storyboard */; };
		663CF0941BB111C000C0C630 /* Assets.xcassets in Resources */ = {isa = PBXBuildFile; fileRef = 663CF0931BB111C000C0C630 /* Assets.xcassets */; };
		663CF0971BB111C000C0C630 /* LaunchScreen.storyboard in Resources */ = {isa = PBXBuildFile; fileRef = 663CF0951BB111C000C0C630 /* LaunchScreen.storyboard */; };
		6689529F1BF1A33100A83654 /* PermissionViewController.swift in Sources */ = {isa = PBXBuildFile; fileRef = 6689529E1BF1A33100A83654 /* PermissionViewController.swift */; };
		66A4EADA1BB87CA60085A07A /* Async.framework in Frameworks */ = {isa = PBXBuildFile; fileRef = 66A4EAD91BB87CA60085A07A /* Async.framework */; };
		66A4EADC1BB87CC80085A07A /* Async.framework.dSYM in CopyFiles */ = {isa = PBXBuildFile; fileRef = 66A4EADB1BB87CC80085A07A /* Async.framework.dSYM */; };
		66A4EADF1BB87E210085A07A /* HealthKit.framework in Frameworks */ = {isa = PBXBuildFile; fileRef = 66A4EADE1BB87E210085A07A /* HealthKit.framework */; };
		66B9CBB11BEEBE2C00A16E6D /* Settings.bundle in Resources */ = {isa = PBXBuildFile; fileRef = 66B9CBB01BEEBE2C00A16E6D /* Settings.bundle */; };
		66B9CBB31BEEC00A00A16E6D /* Settings.swift in Sources */ = {isa = PBXBuildFile; fileRef = 66B9CBB21BEEC00A00A16E6D /* Settings.swift */; };
		66D27C051BB9C84F00917917 /* BRYXGradientView.framework in Frameworks */ = {isa = PBXBuildFile; fileRef = 66D27C041BB9C84F00917917 /* BRYXGradientView.framework */; };
		66D27C071BB9C85700917917 /* BRYXGradientView.framework.dSYM in Resources */ = {isa = PBXBuildFile; fileRef = 66D27C061BB9C85700917917 /* BRYXGradientView.framework.dSYM */; };
		66D27C081BB9C86500917917 /* BRYXGradientView.framework.dSYM in CopyFiles */ = {isa = PBXBuildFile; fileRef = 66D27C061BB9C85700917917 /* BRYXGradientView.framework.dSYM */; };
		66F765D21BB85092005E484A /* DayView.xib in Resources */ = {isa = PBXBuildFile; fileRef = 66F765D11BB85092005E484A /* DayView.xib */; };
		66F765D41BB85F34005E484A /* DayView.swift in Sources */ = {isa = PBXBuildFile; fileRef = 66F765D31BB85F34005E484A /* DayView.swift */; };
		66F765D61BB864AD005E484A /* OAStackView.framework in Frameworks */ = {isa = PBXBuildFile; fileRef = 66F765D51BB864AD005E484A /* OAStackView.framework */; };
		66F765DD1BB86551005E484A /* OAStackView.framework.dSYM in CopyFiles */ = {isa = PBXBuildFile; fileRef = 66F765DC1BB86551005E484A /* OAStackView.framework.dSYM */; };
/* End PBXBuildFile section */

/* Begin PBXCopyFilesBuildPhase section */
		66F765D91BB86520005E484A /* CopyFiles */ = {
			isa = PBXCopyFilesBuildPhase;
			buildActionMask = 2147483647;
			dstPath = "";
			dstSubfolderSpec = 16;
			files = (
				66F765DD1BB86551005E484A /* OAStackView.framework.dSYM in CopyFiles */,
				66A4EADC1BB87CC80085A07A /* Async.framework.dSYM in CopyFiles */,
				66D27C081BB9C86500917917 /* BRYXGradientView.framework.dSYM in CopyFiles */,
				6605095A1C0ABB2C00012C7F /* SwiftDate.framework.dSYM in CopyFiles */,
			);
			runOnlyForDeploymentPostprocessing = 0;
		};
/* End PBXCopyFilesBuildPhase section */

/* Begin PBXFileReference section */
		660509531C0AA3B100012C7F /* Store.swift */ = {isa = PBXFileReference; fileEncoding = 4; lastKnownFileType = sourcecode.swift; path = Store.swift; sourceTree = "<group>"; };
		660509561C0ABB0B00012C7F /* SwiftDate.framework */ = {isa = PBXFileReference; lastKnownFileType = wrapper.framework; name = SwiftDate.framework; path = Carthage/Build/iOS/SwiftDate.framework; sourceTree = "<group>"; };
		660509581C0ABB1A00012C7F /* SwiftDate.framework.dSYM */ = {isa = PBXFileReference; lastKnownFileType = wrapper.dsym; name = SwiftDate.framework.dSYM; path = Carthage/Build/iOS/SwiftDate.framework.dSYM; sourceTree = "<group>"; };
		6605095B1C0B906100012C7F /* Crashlytics.framework */ = {isa = PBXFileReference; lastKnownFileType = wrapper.framework; path = Crashlytics.framework; sourceTree = "<group>"; };
		6605095C1C0B906100012C7F /* Fabric.framework */ = {isa = PBXFileReference; lastKnownFileType = wrapper.framework; path = Fabric.framework; sourceTree = "<group>"; };
		660509631C0BA17700012C7F /* Step.swift */ = {isa = PBXFileReference; fileEncoding = 4; lastKnownFileType = sourcecode.swift; path = Step.swift; sourceTree = "<group>"; };
		6634D03F1BF7F73E00127F4C /* Extensions.swift */ = {isa = PBXFileReference; fileEncoding = 4; lastKnownFileType = sourcecode.swift; path = Extensions.swift; sourceTree = "<group>"; };
		663CF0891BB111C000C0C630 /* Steps.app */ = {isa = PBXFileReference; explicitFileType = wrapper.application; includeInIndex = 0; path = Steps.app; sourceTree = BUILT_PRODUCTS_DIR; };
		663CF08C1BB111C000C0C630 /* AppDelegate.swift */ = {isa = PBXFileReference; lastKnownFileType = sourcecode.swift; path = AppDelegate.swift; sourceTree = "<group>"; };
		663CF08E1BB111C000C0C630 /* ViewController.swift */ = {isa = PBXFileReference; lastKnownFileType = sourcecode.swift; path = ViewController.swift; sourceTree = "<group>"; };
		663CF0911BB111C000C0C630 /* Base */ = {isa = PBXFileReference; lastKnownFileType = file.storyboard; name = Base; path = Base.lproj/Main.storyboard; sourceTree = "<group>"; };
		663CF0931BB111C000C0C630 /* Assets.xcassets */ = {isa = PBXFileReference; lastKnownFileType = folder.assetcatalog; path = Assets.xcassets; sourceTree = "<group>"; };
		663CF0961BB111C000C0C630 /* Base */ = {isa = PBXFileReference; lastKnownFileType = file.storyboard; name = Base; path = Base.lproj/LaunchScreen.storyboard; sourceTree = "<group>"; };
		663CF0981BB111C000C0C630 /* Info.plist */ = {isa = PBXFileReference; lastKnownFileType = text.plist.xml; path = Info.plist; sourceTree = "<group>"; };
		6689529E1BF1A33100A83654 /* PermissionViewController.swift */ = {isa = PBXFileReference; fileEncoding = 4; lastKnownFileType = sourcecode.swift; path = PermissionViewController.swift; sourceTree = "<group>"; };
		66A4EAD91BB87CA60085A07A /* Async.framework */ = {isa = PBXFileReference; lastKnownFileType = wrapper.framework; name = Async.framework; path = Carthage/Build/iOS/Async.framework; sourceTree = "<group>"; };
		66A4EADB1BB87CC80085A07A /* Async.framework.dSYM */ = {isa = PBXFileReference; lastKnownFileType = wrapper.dsym; name = Async.framework.dSYM; path = Carthage/Build/iOS/Async.framework.dSYM; sourceTree = "<group>"; };
		66A4EADD1BB87E210085A07A /* Steps.entitlements */ = {isa = PBXFileReference; lastKnownFileType = text.xml; path = Steps.entitlements; sourceTree = "<group>"; };
		66A4EADE1BB87E210085A07A /* HealthKit.framework */ = {isa = PBXFileReference; lastKnownFileType = wrapper.framework; name = HealthKit.framework; path = System/Library/Frameworks/HealthKit.framework; sourceTree = SDKROOT; };
		66B9CBB01BEEBE2C00A16E6D /* Settings.bundle */ = {isa = PBXFileReference; lastKnownFileType = "wrapper.plug-in"; path = Settings.bundle; sourceTree = "<group>"; };
		66B9CBB21BEEC00A00A16E6D /* Settings.swift */ = {isa = PBXFileReference; fileEncoding = 4; lastKnownFileType = sourcecode.swift; path = Settings.swift; sourceTree = "<group>"; };
		66D27C041BB9C84F00917917 /* BRYXGradientView.framework */ = {isa = PBXFileReference; lastKnownFileType = wrapper.framework; name = BRYXGradientView.framework; path = Carthage/Build/iOS/BRYXGradientView.framework; sourceTree = "<group>"; };
		66D27C061BB9C85700917917 /* BRYXGradientView.framework.dSYM */ = {isa = PBXFileReference; lastKnownFileType = wrapper.dsym; name = BRYXGradientView.framework.dSYM; path = Carthage/Build/iOS/BRYXGradientView.framework.dSYM; sourceTree = "<group>"; };
		66F765D11BB85092005E484A /* DayView.xib */ = {isa = PBXFileReference; fileEncoding = 4; lastKnownFileType = file.xib; path = DayView.xib; sourceTree = "<group>"; };
		66F765D31BB85F34005E484A /* DayView.swift */ = {isa = PBXFileReference; fileEncoding = 4; lastKnownFileType = sourcecode.swift; path = DayView.swift; sourceTree = "<group>"; };
		66F765D51BB864AD005E484A /* OAStackView.framework */ = {isa = PBXFileReference; lastKnownFileType = wrapper.framework; name = OAStackView.framework; path = Carthage/Build/iOS/OAStackView.framework; sourceTree = "<group>"; };
		66F765DC1BB86551005E484A /* OAStackView.framework.dSYM */ = {isa = PBXFileReference; lastKnownFileType = wrapper.dsym; name = OAStackView.framework.dSYM; path = Carthage/Build/iOS/OAStackView.framework.dSYM; sourceTree = "<group>"; };
/* End PBXFileReference section */

/* Begin PBXFrameworksBuildPhase section */
		663CF0861BB111C000C0C630 /* Frameworks */ = {
			isa = PBXFrameworksBuildPhase;
			buildActionMask = 2147483647;
			files = (
				6605095E1C0B906100012C7F /* Fabric.framework in Frameworks */,
				66D27C051BB9C84F00917917 /* BRYXGradientView.framework in Frameworks */,
				660509571C0ABB0B00012C7F /* SwiftDate.framework in Frameworks */,
				66A4EADF1BB87E210085A07A /* HealthKit.framework in Frameworks */,
				66F765D61BB864AD005E484A /* OAStackView.framework in Frameworks */,
				6605095D1C0B906100012C7F /* Crashlytics.framework in Frameworks */,
				66A4EADA1BB87CA60085A07A /* Async.framework in Frameworks */,
			);
			runOnlyForDeploymentPostprocessing = 0;
		};
/* End PBXFrameworksBuildPhase section */

/* Begin PBXGroup section */
		663CF0801BB111C000C0C630 = {
			isa = PBXGroup;
			children = (
				66B9CBB01BEEBE2C00A16E6D /* Settings.bundle */,
				663CF08B1BB111C000C0C630 /* Steps */,
				66F765D71BB864BC005E484A /* Frameworks */,
				663CF08A1BB111C000C0C630 /* Products */,
			);
			sourceTree = "<group>";
		};
		663CF08A1BB111C000C0C630 /* Products */ = {
			isa = PBXGroup;
			children = (
				663CF0891BB111C000C0C630 /* Steps.app */,
			);
			name = Products;
			sourceTree = "<group>";
		};
		663CF08B1BB111C000C0C630 /* Steps */ = {
			isa = PBXGroup;
			children = (
				66A4EADD1BB87E210085A07A /* Steps.entitlements */,
				663CF08C1BB111C000C0C630 /* AppDelegate.swift */,
				663CF08E1BB111C000C0C630 /* ViewController.swift */,
				6689529E1BF1A33100A83654 /* PermissionViewController.swift */,
				663CF0901BB111C000C0C630 /* Main.storyboard */,
				66F765D11BB85092005E484A /* DayView.xib */,
				66F765D31BB85F34005E484A /* DayView.swift */,
				66B9CBB21BEEC00A00A16E6D /* Settings.swift */,
				6634D03F1BF7F73E00127F4C /* Extensions.swift */,
				660509531C0AA3B100012C7F /* Store.swift */,
				660509631C0BA17700012C7F /* Step.swift */,
				663CF0931BB111C000C0C630 /* Assets.xcassets */,
				663CF0951BB111C000C0C630 /* LaunchScreen.storyboard */,
				663CF0981BB111C000C0C630 /* Info.plist */,
			);
			path = Steps;
			sourceTree = "<group>";
		};
		66F765D71BB864BC005E484A /* Frameworks */ = {
			isa = PBXGroup;
			children = (
				66A4EAD91BB87CA60085A07A /* Async.framework */,
				6605095B1C0B906100012C7F /* Crashlytics.framework */,
				6605095C1C0B906100012C7F /* Fabric.framework */,
				66A4EADE1BB87E210085A07A /* HealthKit.framework */,
				66D27C041BB9C84F00917917 /* BRYXGradientView.framework */,
				66F765D51BB864AD005E484A /* OAStackView.framework */,
				660509561C0ABB0B00012C7F /* SwiftDate.framework */,
				66D27C061BB9C85700917917 /* BRYXGradientView.framework.dSYM */,
				66A4EADB1BB87CC80085A07A /* Async.framework.dSYM */,
				660509581C0ABB1A00012C7F /* SwiftDate.framework.dSYM */,
				66F765DC1BB86551005E484A /* OAStackView.framework.dSYM */,
			);
			name = Frameworks;
			sourceTree = "<group>";
		};
/* End PBXGroup section */

/* Begin PBXNativeTarget section */
		663CF0881BB111C000C0C630 /* Steps */ = {
			isa = PBXNativeTarget;
			buildConfigurationList = 663CF09B1BB111C000C0C630 /* Build configuration list for PBXNativeTarget "Steps" */;
			buildPhases = (
				663CF0851BB111C000C0C630 /* Sources */,
				663CF0861BB111C000C0C630 /* Frameworks */,
				663CF0871BB111C000C0C630 /* Resources */,
				66F765D81BB864DE005E484A /* ShellScript */,
				66F765D91BB86520005E484A /* CopyFiles */,
				6605095F1C0B909900012C7F /* ShellScript */,
				660509601C0B90AD00012C7F /* ShellScript */,
			);
			buildRules = (
			);
			dependencies = (
			);
			name = Steps;
			productName = Steps;
			productReference = 663CF0891BB111C000C0C630 /* Steps.app */;
			productType = "com.apple.product-type.application";
		};
/* End PBXNativeTarget section */

/* Begin PBXProject section */
		663CF0811BB111C000C0C630 /* Project object */ = {
			isa = PBXProject;
			attributes = {
				LastSwiftUpdateCheck = 0700;
				LastUpgradeCheck = 0700;
				ORGANIZATIONNAME = "Adam Binsz";
				TargetAttributes = {
					663CF0881BB111C000C0C630 = {
						CreatedOnToolsVersion = 7.0;
						DevelopmentTeam = BCVA6NEN6F;
						SystemCapabilities = {
							com.apple.HealthKit = {
								enabled = 1;
							};
						};
					};
				};
			};
			buildConfigurationList = 663CF0841BB111C000C0C630 /* Build configuration list for PBXProject "Steps" */;
			compatibilityVersion = "Xcode 3.2";
			developmentRegion = English;
			hasScannedForEncodings = 0;
			knownRegions = (
				en,
				Base,
			);
			mainGroup = 663CF0801BB111C000C0C630;
			productRefGroup = 663CF08A1BB111C000C0C630 /* Products */;
			projectDirPath = "";
			projectRoot = "";
			targets = (
				663CF0881BB111C000C0C630 /* Steps */,
			);
		};
/* End PBXProject section */

/* Begin PBXResourcesBuildPhase section */
		663CF0871BB111C000C0C630 /* Resources */ = {
			isa = PBXResourcesBuildPhase;
			buildActionMask = 2147483647;
			files = (
				663CF0971BB111C000C0C630 /* LaunchScreen.storyboard in Resources */,
				66D27C071BB9C85700917917 /* BRYXGradientView.framework.dSYM in Resources */,
				66F765D21BB85092005E484A /* DayView.xib in Resources */,
				663CF0941BB111C000C0C630 /* Assets.xcassets in Resources */,
				66B9CBB11BEEBE2C00A16E6D /* Settings.bundle in Resources */,
				660509591C0ABB1A00012C7F /* SwiftDate.framework.dSYM in Resources */,
				663CF0921BB111C000C0C630 /* Main.storyboard in Resources */,
			);
			runOnlyForDeploymentPostprocessing = 0;
		};
/* End PBXResourcesBuildPhase section */

/* Begin PBXShellScriptBuildPhase section */
		6605095F1C0B909900012C7F /* ShellScript */ = {
			isa = PBXShellScriptBuildPhase;
			buildActionMask = 2147483647;
			files = (
			);
			inputPaths = (
			);
			outputPaths = (
			);
			runOnlyForDeploymentPostprocessing = 0;
			shellPath = /bin/sh;
			shellScript = "TAGS=\"TODO:|FIXME:\"\necho \"searching ${SRCROOT} for ${TAGS}\"\nfind \"${SRCROOT}\" \\( -name \"*.swift\" \\) -print0 | xargs -0 egrep --with-filename --line-number --only-matching \"($TAGS).*\\$\" | perl -p -e \"s/($TAGS)/ warning: \\$1/\"";
		};
		660509601C0B90AD00012C7F /* ShellScript */ = {
			isa = PBXShellScriptBuildPhase;
			buildActionMask = 2147483647;
			files = (
			);
			inputPaths = (
			);
			outputPaths = (
			);
			runOnlyForDeploymentPostprocessing = 0;
			shellPath = /bin/sh;
			shellScript = "./Fabric.framework/run ae0def216849ab79867b572dfd4978083ae3e060 1e94fee7f5ca731b46b1e0ca7c7d3e4cbc10691c71d8815803508bd5999b883c\n./Crashlytics.framework/run ae0def216849ab79867b572dfd4978083ae3e060 1e94fee7f5ca731b46b1e0ca7c7d3e4cbc10691c71d8815803508bd5999b883c";
		};
		66F765D81BB864DE005E484A /* ShellScript */ = {
			isa = PBXShellScriptBuildPhase;
			buildActionMask = 2147483647;
			files = (
			);
			inputPaths = (
				"$(SRCROOT)/Carthage/Build/iOS/OAStackView.framework",
				"$(SRCROOT)/Carthage/Build/iOS/Async.framework",
				"$(SRCROOT)/Carthage/Build/iOS/BRYXGradientView.framework",
				"$(SRCROOT)/Carthage/Build/iOS/SwiftDate.framework",
			);
			outputPaths = (
			);
			runOnlyForDeploymentPostprocessing = 0;
			shellPath = /bin/sh;
			shellScript = "/usr/local/bin/carthage copy-frameworks";
		};
/* End PBXShellScriptBuildPhase section */

/* Begin PBXSourcesBuildPhase section */
		663CF0851BB111C000C0C630 /* Sources */ = {
			isa = PBXSourcesBuildPhase;
			buildActionMask = 2147483647;
			files = (
				663CF08F1BB111C000C0C630 /* ViewController.swift in Sources */,
				660509641C0BA17700012C7F /* Step.swift in Sources */,
				6689529F1BF1A33100A83654 /* PermissionViewController.swift in Sources */,
				660509541C0AA3B100012C7F /* Store.swift in Sources */,
				66F765D41BB85F34005E484A /* DayView.swift in Sources */,
				663CF08D1BB111C000C0C630 /* AppDelegate.swift in Sources */,
				66B9CBB31BEEC00A00A16E6D /* Settings.swift in Sources */,
				6634D0401BF7F73E00127F4C /* Extensions.swift in Sources */,
			);
			runOnlyForDeploymentPostprocessing = 0;
		};
/* End PBXSourcesBuildPhase section */

/* Begin PBXVariantGroup section */
		663CF0901BB111C000C0C630 /* Main.storyboard */ = {
			isa = PBXVariantGroup;
			children = (
				663CF0911BB111C000C0C630 /* Base */,
			);
			name = Main.storyboard;
			sourceTree = "<group>";
		};
		663CF0951BB111C000C0C630 /* LaunchScreen.storyboard */ = {
			isa = PBXVariantGroup;
			children = (
				663CF0961BB111C000C0C630 /* Base */,
			);
			name = LaunchScreen.storyboard;
			sourceTree = "<group>";
		};
/* End PBXVariantGroup section */

/* Begin XCBuildConfiguration section */
		663CF0991BB111C000C0C630 /* Debug */ = {
			isa = XCBuildConfiguration;
			buildSettings = {
				ALWAYS_SEARCH_USER_PATHS = NO;
				BITCODE_GENERATION_MODE = NO;
				CLANG_CXX_LANGUAGE_STANDARD = "gnu++0x";
				CLANG_CXX_LIBRARY = "libc++";
				CLANG_ENABLE_MODULES = YES;
				CLANG_ENABLE_OBJC_ARC = YES;
				CLANG_WARN_BOOL_CONVERSION = YES;
				CLANG_WARN_CONSTANT_CONVERSION = YES;
				CLANG_WARN_DIRECT_OBJC_ISA_USAGE = YES_ERROR;
				CLANG_WARN_EMPTY_BODY = YES;
				CLANG_WARN_ENUM_CONVERSION = YES;
				CLANG_WARN_INT_CONVERSION = YES;
				CLANG_WARN_OBJC_ROOT_CLASS = YES_ERROR;
				CLANG_WARN_UNREACHABLE_CODE = YES;
				CLANG_WARN__DUPLICATE_METHOD_MATCH = YES;
				"CODE_SIGN_IDENTITY[sdk=iphoneos*]" = "iPhone Developer";
				COPY_PHASE_STRIP = NO;
				DEBUG_INFORMATION_FORMAT = dwarf;
				ENABLE_STRICT_OBJC_MSGSEND = YES;
				ENABLE_TESTABILITY = YES;
				GCC_C_LANGUAGE_STANDARD = gnu99;
				GCC_DYNAMIC_NO_PIC = NO;
				GCC_NO_COMMON_BLOCKS = YES;
				GCC_OPTIMIZATION_LEVEL = 0;
				GCC_PREPROCESSOR_DEFINITIONS = (
					"DEBUG=1",
					"$(inherited)",
				);
				GCC_WARN_64_TO_32_BIT_CONVERSION = YES;
				GCC_WARN_ABOUT_RETURN_TYPE = YES_ERROR;
				GCC_WARN_UNDECLARED_SELECTOR = YES;
				GCC_WARN_UNINITIALIZED_AUTOS = YES_AGGRESSIVE;
				GCC_WARN_UNUSED_FUNCTION = YES;
				GCC_WARN_UNUSED_VARIABLE = YES;
				IPHONEOS_DEPLOYMENT_TARGET = 9.0;
				MTL_ENABLE_DEBUG_INFO = YES;
				ONLY_ACTIVE_ARCH = YES;
				SDKROOT = iphoneos;
				SWIFT_OPTIMIZATION_LEVEL = "-Onone";
			};
			name = Debug;
		};
		663CF09A1BB111C000C0C630 /* Release */ = {
			isa = XCBuildConfiguration;
			buildSettings = {
				ALWAYS_SEARCH_USER_PATHS = NO;
				BITCODE_GENERATION_MODE = YES;
				CLANG_CXX_LANGUAGE_STANDARD = "gnu++0x";
				CLANG_CXX_LIBRARY = "libc++";
				CLANG_ENABLE_MODULES = YES;
				CLANG_ENABLE_OBJC_ARC = YES;
				CLANG_WARN_BOOL_CONVERSION = YES;
				CLANG_WARN_CONSTANT_CONVERSION = YES;
				CLANG_WARN_DIRECT_OBJC_ISA_USAGE = YES_ERROR;
				CLANG_WARN_EMPTY_BODY = YES;
				CLANG_WARN_ENUM_CONVERSION = YES;
				CLANG_WARN_INT_CONVERSION = YES;
				CLANG_WARN_OBJC_ROOT_CLASS = YES_ERROR;
				CLANG_WARN_UNREACHABLE_CODE = YES;
				CLANG_WARN__DUPLICATE_METHOD_MATCH = YES;
				"CODE_SIGN_IDENTITY[sdk=iphoneos*]" = "iPhone Developer";
				COPY_PHASE_STRIP = NO;
				DEBUG_INFORMATION_FORMAT = "dwarf-with-dsym";
				ENABLE_NS_ASSERTIONS = NO;
				ENABLE_STRICT_OBJC_MSGSEND = YES;
				GCC_C_LANGUAGE_STANDARD = gnu99;
				GCC_NO_COMMON_BLOCKS = YES;
				GCC_WARN_64_TO_32_BIT_CONVERSION = YES;
				GCC_WARN_ABOUT_RETURN_TYPE = YES_ERROR;
				GCC_WARN_UNDECLARED_SELECTOR = YES;
				GCC_WARN_UNINITIALIZED_AUTOS = YES_AGGRESSIVE;
				GCC_WARN_UNUSED_FUNCTION = YES;
				GCC_WARN_UNUSED_VARIABLE = YES;
				IPHONEOS_DEPLOYMENT_TARGET = 9.0;
				MTL_ENABLE_DEBUG_INFO = NO;
				SDKROOT = iphoneos;
				VALIDATE_PRODUCT = YES;
			};
			name = Release;
		};
		663CF09C1BB111C000C0C630 /* Debug */ = {
			isa = XCBuildConfiguration;
			buildSettings = {
				ASSETCATALOG_COMPILER_APPICON_NAME = AppIcon;
				CLANG_ENABLE_MODULES = YES;
				CODE_SIGN_ENTITLEMENTS = Steps/Steps.entitlements;
				CODE_SIGN_IDENTITY = "iPhone Developer";
				"CODE_SIGN_IDENTITY[sdk=iphoneos*]" = "iPhone Developer";
				DEBUG_INFORMATION_FORMAT = "dwarf-with-dsym";
				FRAMEWORK_SEARCH_PATHS = (
					"$(inherited)",
					"$(PROJECT_DIR)/Carthage/Build/iOS",
					"$(PROJECT_DIR)",
				);
				INFOPLIST_FILE = Steps/Info.plist;
				IPHONEOS_DEPLOYMENT_TARGET = 8.0;
				LD_RUNPATH_SEARCH_PATHS = "$(inherited) @executable_path/Frameworks";
				PRODUCT_BUNDLE_IDENTIFIER = com.adambinsz.Steps;
				PRODUCT_NAME = "$(TARGET_NAME)";
				PROVISIONING_PROFILE = "";
				SWIFT_OPTIMIZATION_LEVEL = "-Onone";
			};
			name = Debug;
		};
		663CF09D1BB111C000C0C630 /* Release */ = {
			isa = XCBuildConfiguration;
			buildSettings = {
				ASSETCATALOG_COMPILER_APPICON_NAME = AppIcon;
				CLANG_ENABLE_MODULES = YES;
				CODE_SIGN_ENTITLEMENTS = Steps/Steps.entitlements;
				CODE_SIGN_IDENTITY = "iPhone Developer";
				"CODE_SIGN_IDENTITY[sdk=iphoneos*]" = "iPhone Developer";
				FRAMEWORK_SEARCH_PATHS = (
					"$(inherited)",
					"$(PROJECT_DIR)/Carthage/Build/iOS",
					"$(PROJECT_DIR)",
				);
				INFOPLIST_FILE = Steps/Info.plist;
				IPHONEOS_DEPLOYMENT_TARGET = 8.0;
				LD_RUNPATH_SEARCH_PATHS = "$(inherited) @executable_path/Frameworks";
				PRODUCT_BUNDLE_IDENTIFIER = com.adambinsz.Steps;
				PRODUCT_NAME = "$(TARGET_NAME)";
				PROVISIONING_PROFILE = "";
			};
			name = Release;
		};
/* End XCBuildConfiguration section */

/* Begin XCConfigurationList section */
		663CF0841BB111C000C0C630 /* Build configuration list for PBXProject "Steps" */ = {
			isa = XCConfigurationList;
			buildConfigurations = (
				663CF0991BB111C000C0C630 /* Debug */,
				663CF09A1BB111C000C0C630 /* Release */,
			);
			defaultConfigurationIsVisible = 0;
			defaultConfigurationName = Release;
		};
		663CF09B1BB111C000C0C630 /* Build configuration list for PBXNativeTarget "Steps" */ = {
			isa = XCConfigurationList;
			buildConfigurations = (
				663CF09C1BB111C000C0C630 /* Debug */,
				663CF09D1BB111C000C0C630 /* Release */,
			);
			defaultConfigurationIsVisible = 0;
			defaultConfigurationName = Release;
		};
/* End XCConfigurationList section */
	};
	rootObject = 663CF0811BB111C000C0C630 /* Project object */;
}
