// !$*UTF8*$!
{
	archiveVersion = 1;
	classes = {
	};
	objectVersion = 46;
	objects = {

/* Begin PBXBuildFile section */
		6626BD3C19AF9351002120D5 /* QuartzCore.framework in Frameworks */ = {isa = PBXBuildFile; fileRef = 6626BD3B19AF9351002120D5 /* QuartzCore.framework */; };
		6636293E19C53BF00065F988 /* libFlurry_5.3.0.a in Frameworks */ = {isa = PBXBuildFile; fileRef = 6636293D19C53BF00065F988 /* libFlurry_5.3.0.a */; };
		6649B19919C541490030928B /* SystemConfiguration.framework in Frameworks */ = {isa = PBXBuildFile; fileRef = 6649B19819C541490030928B /* SystemConfiguration.framework */; };
		6649B19B19C541700030928B /* Security.framework in Frameworks */ = {isa = PBXBuildFile; fileRef = 6649B19A19C541700030928B /* Security.framework */; };
		6649B19E19C541950030928B /* Crashlytics.framework in Frameworks */ = {isa = PBXBuildFile; fileRef = 6649B19D19C541950030928B /* Crashlytics.framework */; };
		6649B1A019C5441C0030928B /* Images.xcassets in Resources */ = {isa = PBXBuildFile; fileRef = 6649B19F19C5441C0030928B /* Images.xcassets */; };
		665DD90519B398DB00468DD9 /* StepInfo.swift in Sources */ = {isa = PBXBuildFile; fileRef = 665DD90419B398DB00468DD9 /* StepInfo.swift */; };
		665DD90719B3AD8D00468DD9 /* NSDate+Daybreak.swift in Sources */ = {isa = PBXBuildFile; fileRef = 665DD90619B3AD8D00468DD9 /* NSDate+Daybreak.swift */; };
		665DD90919B3B00400468DD9 /* CoreMotion.framework in Frameworks */ = {isa = PBXBuildFile; fileRef = 665DD90819B3B00400468DD9 /* CoreMotion.framework */; };
		668C45EE19B0BAB40052D06F /* StepCell.swift in Sources */ = {isa = PBXBuildFile; fileRef = 668C45ED19B0BAB40052D06F /* StepCell.swift */; };
		66D434D019AEAE7100C1C261 /* AppDelegate.swift in Sources */ = {isa = PBXBuildFile; fileRef = 66D434CF19AEAE7100C1C261 /* AppDelegate.swift */; };
		66D434E319AEAE7200C1C261 /* StepsTests.swift in Sources */ = {isa = PBXBuildFile; fileRef = 66D434E219AEAE7200C1C261 /* StepsTests.swift */; };
		66D434ED19AEBA3000C1C261 /* MainViewController.swift in Sources */ = {isa = PBXBuildFile; fileRef = 66D434EC19AEBA3000C1C261 /* MainViewController.swift */; };
		66E45C4419C5394600EAE359 /* LaunchScreen.xib in Resources */ = {isa = PBXBuildFile; fileRef = 66E45C4319C5394600EAE359 /* LaunchScreen.xib */; };
		66F91C6919C4B6A000CD9524 /* UICountingLabel.m in Sources */ = {isa = PBXBuildFile; fileRef = 66F91C6819C4B6A000CD9524 /* UICountingLabel.m */; };
/* End PBXBuildFile section */

/* Begin PBXContainerItemProxy section */
		66D434DD19AEAE7200C1C261 /* PBXContainerItemProxy */ = {
			isa = PBXContainerItemProxy;
			containerPortal = 66D434C219AEAE7100C1C261 /* Project object */;
			proxyType = 1;
			remoteGlobalIDString = 66D434C919AEAE7100C1C261;
			remoteInfo = Steps;
		};
/* End PBXContainerItemProxy section */

/* Begin PBXFileReference section */
		6626BD3B19AF9351002120D5 /* QuartzCore.framework */ = {isa = PBXFileReference; lastKnownFileType = wrapper.framework; name = QuartzCore.framework; path = System/Library/Frameworks/QuartzCore.framework; sourceTree = SDKROOT; };
		66296E0E19B4D038008EC95E /* Steps-Bridging-Header.h */ = {isa = PBXFileReference; lastKnownFileType = sourcecode.c.h; path = "Steps-Bridging-Header.h"; sourceTree = "<group>"; };
		6636293C19C53BF00065F988 /* Flurry.h */ = {isa = PBXFileReference; fileEncoding = 4; lastKnownFileType = sourcecode.c.h; path = Flurry.h; sourceTree = "<group>"; };
		6636293D19C53BF00065F988 /* libFlurry_5.3.0.a */ = {isa = PBXFileReference; lastKnownFileType = archive.ar; path = libFlurry_5.3.0.a; sourceTree = "<group>"; };
		6649B19819C541490030928B /* SystemConfiguration.framework */ = {isa = PBXFileReference; lastKnownFileType = wrapper.framework; name = SystemConfiguration.framework; path = System/Library/Frameworks/SystemConfiguration.framework; sourceTree = SDKROOT; };
		6649B19A19C541700030928B /* Security.framework */ = {isa = PBXFileReference; lastKnownFileType = wrapper.framework; name = Security.framework; path = System/Library/Frameworks/Security.framework; sourceTree = SDKROOT; };
		6649B19D19C541950030928B /* Crashlytics.framework */ = {isa = PBXFileReference; lastKnownFileType = wrapper.framework; path = Crashlytics.framework; sourceTree = "<group>"; };
		6649B19F19C5441C0030928B /* Images.xcassets */ = {isa = PBXFileReference; lastKnownFileType = folder.assetcatalog; name = Images.xcassets; path = ../Images.xcassets; sourceTree = "<group>"; };
		665DD90419B398DB00468DD9 /* StepInfo.swift */ = {isa = PBXFileReference; fileEncoding = 4; lastKnownFileType = sourcecode.swift; path = StepInfo.swift; sourceTree = "<group>"; };
		665DD90619B3AD8D00468DD9 /* NSDate+Daybreak.swift */ = {isa = PBXFileReference; fileEncoding = 4; lastKnownFileType = sourcecode.swift; path = "NSDate+Daybreak.swift"; sourceTree = "<group>"; };
		665DD90819B3B00400468DD9 /* CoreMotion.framework */ = {isa = PBXFileReference; lastKnownFileType = wrapper.framework; name = CoreMotion.framework; path = System/Library/Frameworks/CoreMotion.framework; sourceTree = SDKROOT; };
		668C45ED19B0BAB40052D06F /* StepCell.swift */ = {isa = PBXFileReference; fileEncoding = 4; lastKnownFileType = sourcecode.swift; path = StepCell.swift; sourceTree = "<group>"; };
		66D434CA19AEAE7100C1C261 /* Steps.app */ = {isa = PBXFileReference; explicitFileType = wrapper.application; includeInIndex = 0; path = Steps.app; sourceTree = BUILT_PRODUCTS_DIR; };
		66D434CE19AEAE7100C1C261 /* Info.plist */ = {isa = PBXFileReference; lastKnownFileType = text.plist.xml; path = Info.plist; sourceTree = "<group>"; };
		66D434CF19AEAE7100C1C261 /* AppDelegate.swift */ = {isa = PBXFileReference; lastKnownFileType = sourcecode.swift; path = AppDelegate.swift; sourceTree = "<group>"; };
		66D434DC19AEAE7200C1C261 /* StepsTests.xctest */ = {isa = PBXFileReference; explicitFileType = wrapper.cfbundle; includeInIndex = 0; path = StepsTests.xctest; sourceTree = BUILT_PRODUCTS_DIR; };
		66D434E119AEAE7200C1C261 /* Info.plist */ = {isa = PBXFileReference; lastKnownFileType = text.plist.xml; path = Info.plist; sourceTree = "<group>"; };
		66D434E219AEAE7200C1C261 /* StepsTests.swift */ = {isa = PBXFileReference; lastKnownFileType = sourcecode.swift; path = StepsTests.swift; sourceTree = "<group>"; };
		66D434EC19AEBA3000C1C261 /* MainViewController.swift */ = {isa = PBXFileReference; fileEncoding = 4; lastKnownFileType = sourcecode.swift; path = MainViewController.swift; sourceTree = "<group>"; };
		66E45C4319C5394600EAE359 /* LaunchScreen.xib */ = {isa = PBXFileReference; fileEncoding = 4; lastKnownFileType = file.xib; path = LaunchScreen.xib; sourceTree = "<group>"; };
		66F91C6719C4B6A000CD9524 /* UICountingLabel.h */ = {isa = PBXFileReference; fileEncoding = 4; lastKnownFileType = sourcecode.c.h; path = UICountingLabel.h; sourceTree = "<group>"; };
		66F91C6819C4B6A000CD9524 /* UICountingLabel.m */ = {isa = PBXFileReference; fileEncoding = 4; lastKnownFileType = sourcecode.c.objc; path = UICountingLabel.m; sourceTree = "<group>"; };
/* End PBXFileReference section */

/* Begin PBXFrameworksBuildPhase section */
		66D434C719AEAE7100C1C261 /* Frameworks */ = {
			isa = PBXFrameworksBuildPhase;
			buildActionMask = 2147483647;
			files = (
				6649B19B19C541700030928B /* Security.framework in Frameworks */,
				6649B19919C541490030928B /* SystemConfiguration.framework in Frameworks */,
				665DD90919B3B00400468DD9 /* CoreMotion.framework in Frameworks */,
				6626BD3C19AF9351002120D5 /* QuartzCore.framework in Frameworks */,
				6649B19E19C541950030928B /* Crashlytics.framework in Frameworks */,
				6636293E19C53BF00065F988 /* libFlurry_5.3.0.a in Frameworks */,
			);
			runOnlyForDeploymentPostprocessing = 0;
		};
		66D434D919AEAE7200C1C261 /* Frameworks */ = {
			isa = PBXFrameworksBuildPhase;
			buildActionMask = 2147483647;
			files = (
			);
			runOnlyForDeploymentPostprocessing = 0;
		};
/* End PBXFrameworksBuildPhase section */

/* Begin PBXGroup section */
		6636293B19C53BF00065F988 /* Flurry */ = {
			isa = PBXGroup;
			children = (
				6636293C19C53BF00065F988 /* Flurry.h */,
				6636293D19C53BF00065F988 /* libFlurry_5.3.0.a */,
			);
			path = Flurry;
			sourceTree = "<group>";
		};
		6649B19C19C541790030928B /* Frameworks */ = {
			isa = PBXGroup;
			children = (
				6649B19A19C541700030928B /* Security.framework */,
				6649B19819C541490030928B /* SystemConfiguration.framework */,
				665DD90819B3B00400468DD9 /* CoreMotion.framework */,
				6626BD3B19AF9351002120D5 /* QuartzCore.framework */,
			);
			name = Frameworks;
			sourceTree = "<group>";
		};
		66D434C119AEAE7100C1C261 = {
			isa = PBXGroup;
			children = (
				66D434CC19AEAE7100C1C261 /* Steps */,
				66D434DF19AEAE7200C1C261 /* StepsTests */,
				66D434CB19AEAE7100C1C261 /* Products */,
			);
			sourceTree = "<group>";
		};
		66D434CB19AEAE7100C1C261 /* Products */ = {
			isa = PBXGroup;
			children = (
				66D434CA19AEAE7100C1C261 /* Steps.app */,
				66D434DC19AEAE7200C1C261 /* StepsTests.xctest */,
			);
			name = Products;
			sourceTree = "<group>";
		};
		66D434CC19AEAE7100C1C261 /* Steps */ = {
			isa = PBXGroup;
			children = (
				66D434CF19AEAE7100C1C261 /* AppDelegate.swift */,
				66D434EC19AEBA3000C1C261 /* MainViewController.swift */,
				66E45C4319C5394600EAE359 /* LaunchScreen.xib */,
				665DD90419B398DB00468DD9 /* StepInfo.swift */,
				668C45ED19B0BAB40052D06F /* StepCell.swift */,
				665DD90619B3AD8D00468DD9 /* NSDate+Daybreak.swift */,
				6649B19F19C5441C0030928B /* Images.xcassets */,
				66D434CD19AEAE7100C1C261 /* Supporting Files */,
			);
			path = Steps;
			sourceTree = "<group>";
		};
		66D434CD19AEAE7100C1C261 /* Supporting Files */ = {
			isa = PBXGroup;
			children = (
				6649B19D19C541950030928B /* Crashlytics.framework */,
				6636293B19C53BF00065F988 /* Flurry */,
				6649B19C19C541790030928B /* Frameworks */,
				66F91C6719C4B6A000CD9524 /* UICountingLabel.h */,
				66F91C6819C4B6A000CD9524 /* UICountingLabel.m */,
				66D434CE19AEAE7100C1C261 /* Info.plist */,
				66296E0E19B4D038008EC95E /* Steps-Bridging-Header.h */,
			);
			name = "Supporting Files";
			sourceTree = "<group>";
		};
		66D434DF19AEAE7200C1C261 /* StepsTests */ = {
			isa = PBXGroup;
			children = (
				66D434E219AEAE7200C1C261 /* StepsTests.swift */,
				66D434E019AEAE7200C1C261 /* Supporting Files */,
			);
			path = StepsTests;
			sourceTree = "<group>";
		};
		66D434E019AEAE7200C1C261 /* Supporting Files */ = {
			isa = PBXGroup;
			children = (
				66D434E119AEAE7200C1C261 /* Info.plist */,
			);
			name = "Supporting Files";
			sourceTree = "<group>";
		};
/* End PBXGroup section */

/* Begin PBXNativeTarget section */
		66D434C919AEAE7100C1C261 /* Steps */ = {
			isa = PBXNativeTarget;
			buildConfigurationList = 66D434E619AEAE7200C1C261 /* Build configuration list for PBXNativeTarget "Steps" */;
			buildPhases = (
				66D434C619AEAE7100C1C261 /* Sources */,
				66D434C719AEAE7100C1C261 /* Frameworks */,
				66D434C819AEAE7100C1C261 /* Resources */,
				6636293F19C53FEF0065F988 /* ShellScript */,
				666DAD4D19C62E3B0087A08F /* ShellScript */,
			);
			buildRules = (
			);
			dependencies = (
			);
			name = Steps;
			productName = Steps;
			productReference = 66D434CA19AEAE7100C1C261 /* Steps.app */;
			productType = "com.apple.product-type.application";
		};
		66D434DB19AEAE7200C1C261 /* StepsTests */ = {
			isa = PBXNativeTarget;
			buildConfigurationList = 66D434E919AEAE7200C1C261 /* Build configuration list for PBXNativeTarget "StepsTests" */;
			buildPhases = (
				66D434D819AEAE7200C1C261 /* Sources */,
				66D434D919AEAE7200C1C261 /* Frameworks */,
				66D434DA19AEAE7200C1C261 /* Resources */,
			);
			buildRules = (
			);
			dependencies = (
				66D434DE19AEAE7200C1C261 /* PBXTargetDependency */,
			);
			name = StepsTests;
			productName = StepsTests;
			productReference = 66D434DC19AEAE7200C1C261 /* StepsTests.xctest */;
			productType = "com.apple.product-type.bundle.unit-test";
		};
/* End PBXNativeTarget section */

/* Begin PBXProject section */
		66D434C219AEAE7100C1C261 /* Project object */ = {
			isa = PBXProject;
			attributes = {
				LastUpgradeCheck = 0600;
				ORGANIZATIONNAME = "Adam Binsz";
				TargetAttributes = {
					66D434C919AEAE7100C1C261 = {
						CreatedOnToolsVersion = 6.0;
						DevelopmentTeam = BCVA6NEN6F;
					};
					66D434DB19AEAE7200C1C261 = {
						CreatedOnToolsVersion = 6.0;
						TestTargetID = 66D434C919AEAE7100C1C261;
					};
				};
			};
			buildConfigurationList = 66D434C519AEAE7100C1C261 /* Build configuration list for PBXProject "Steps" */;
			compatibilityVersion = "Xcode 3.2";
			developmentRegion = English;
			hasScannedForEncodings = 0;
			knownRegions = (
				en,
				Base,
			);
			mainGroup = 66D434C119AEAE7100C1C261;
			productRefGroup = 66D434CB19AEAE7100C1C261 /* Products */;
			projectDirPath = "";
			projectRoot = "";
			targets = (
				66D434C919AEAE7100C1C261 /* Steps */,
				66D434DB19AEAE7200C1C261 /* StepsTests */,
			);
		};
/* End PBXProject section */

/* Begin PBXResourcesBuildPhase section */
		66D434C819AEAE7100C1C261 /* Resources */ = {
			isa = PBXResourcesBuildPhase;
			buildActionMask = 2147483647;
			files = (
				66E45C4419C5394600EAE359 /* LaunchScreen.xib in Resources */,
				6649B1A019C5441C0030928B /* Images.xcassets in Resources */,
			);
			runOnlyForDeploymentPostprocessing = 0;
		};
		66D434DA19AEAE7200C1C261 /* Resources */ = {
			isa = PBXResourcesBuildPhase;
			buildActionMask = 2147483647;
			files = (
			);
			runOnlyForDeploymentPostprocessing = 0;
		};
/* End PBXResourcesBuildPhase section */

/* Begin PBXShellScriptBuildPhase section */
		6636293F19C53FEF0065F988 /* ShellScript */ = {
			isa = PBXShellScriptBuildPhase;
			buildActionMask = 2147483647;
			files = (
			);
			inputPaths = (
			);
			outputPaths = (
			);
			runOnlyForDeploymentPostprocessing = 0;
			shellPath = /bin/sh;
			shellScript = "./Crashlytics.framework/run ae0def216849ab79867b572dfd4978083ae3e060 1e94fee7f5ca731b46b1e0ca7c7d3e4cbc10691c71d8815803508bd5999b883c";
		};
		666DAD4D19C62E3B0087A08F /* ShellScript */ = {
			isa = PBXShellScriptBuildPhase;
			buildActionMask = 2147483647;
			files = (
			);
			inputPaths = (
			);
			outputPaths = (
			);
			runOnlyForDeploymentPostprocessing = 0;
			shellPath = /bin/sh;
			shellScript = "buildNumber=$(/usr/libexec/PlistBuddy -c \"Print CFBundleVersion\" \"${PROJECT_DIR}/${INFOPLIST_FILE}\")\nbuildNumber=$(($buildNumber + 1))\n/usr/libexec/PlistBuddy -c \"Set :CFBundleVersion $buildNumber\" \"${PROJECT_DIR}/${INFOPLIST_FILE}\"";
		};
/* End PBXShellScriptBuildPhase section */

/* Begin PBXSourcesBuildPhase section */
		66D434C619AEAE7100C1C261 /* Sources */ = {
			isa = PBXSourcesBuildPhase;
			buildActionMask = 2147483647;
			files = (
				668C45EE19B0BAB40052D06F /* StepCell.swift in Sources */,
				665DD90719B3AD8D00468DD9 /* NSDate+Daybreak.swift in Sources */,
				665DD90519B398DB00468DD9 /* StepInfo.swift in Sources */,
				66D434ED19AEBA3000C1C261 /* MainViewController.swift in Sources */,
				66D434D019AEAE7100C1C261 /* AppDelegate.swift in Sources */,
				66F91C6919C4B6A000CD9524 /* UICountingLabel.m in Sources */,
			);
			runOnlyForDeploymentPostprocessing = 0;
		};
		66D434D819AEAE7200C1C261 /* Sources */ = {
			isa = PBXSourcesBuildPhase;
			buildActionMask = 2147483647;
			files = (
				66D434E319AEAE7200C1C261 /* StepsTests.swift in Sources */,
			);
			runOnlyForDeploymentPostprocessing = 0;
		};
/* End PBXSourcesBuildPhase section */

/* Begin PBXTargetDependency section */
		66D434DE19AEAE7200C1C261 /* PBXTargetDependency */ = {
			isa = PBXTargetDependency;
			target = 66D434C919AEAE7100C1C261 /* Steps */;
			targetProxy = 66D434DD19AEAE7200C1C261 /* PBXContainerItemProxy */;
		};
/* End PBXTargetDependency section */

/* Begin XCBuildConfiguration section */
		66D434E419AEAE7200C1C261 /* Debug */ = {
			isa = XCBuildConfiguration;
			buildSettings = {
				ALWAYS_SEARCH_USER_PATHS = NO;
				CLANG_CXX_LANGUAGE_STANDARD = "gnu++0x";
				CLANG_CXX_LIBRARY = "libc++";
				CLANG_ENABLE_MODULES = YES;
				CLANG_ENABLE_OBJC_ARC = YES;
				CLANG_WARN_BOOL_CONVERSION = YES;
				CLANG_WARN_CONSTANT_CONVERSION = YES;
				CLANG_WARN_DIRECT_OBJC_ISA_USAGE = YES_ERROR;
				CLANG_WARN_EMPTY_BODY = YES;
				CLANG_WARN_ENUM_CONVERSION = YES;
				CLANG_WARN_INT_CONVERSION = YES;
				CLANG_WARN_OBJC_ROOT_CLASS = YES_ERROR;
				CLANG_WARN_UNREACHABLE_CODE = YES;
				CLANG_WARN__DUPLICATE_METHOD_MATCH = YES;
				"CODE_SIGN_IDENTITY[sdk=iphoneos*]" = "iPhone Developer";
				COPY_PHASE_STRIP = NO;
				ENABLE_STRICT_OBJC_MSGSEND = YES;
				GCC_C_LANGUAGE_STANDARD = gnu99;
				GCC_DYNAMIC_NO_PIC = NO;
				GCC_OPTIMIZATION_LEVEL = 0;
				GCC_PREPROCESSOR_DEFINITIONS = (
					"DEBUG=1",
					"$(inherited)",
				);
				GCC_SYMBOLS_PRIVATE_EXTERN = NO;
				GCC_WARN_64_TO_32_BIT_CONVERSION = YES;
				GCC_WARN_ABOUT_RETURN_TYPE = YES_ERROR;
				GCC_WARN_UNDECLARED_SELECTOR = YES;
				GCC_WARN_UNINITIALIZED_AUTOS = YES_AGGRESSIVE;
				GCC_WARN_UNUSED_FUNCTION = YES;
				GCC_WARN_UNUSED_VARIABLE = YES;
				IPHONEOS_DEPLOYMENT_TARGET = 8.0;
				MTL_ENABLE_DEBUG_INFO = YES;
				ONLY_ACTIVE_ARCH = YES;
				SDKROOT = iphoneos;
				SWIFT_OPTIMIZATION_LEVEL = "-Onone";
			};
			name = Debug;
		};
		66D434E519AEAE7200C1C261 /* Release */ = {
			isa = XCBuildConfiguration;
			buildSettings = {
				ALWAYS_SEARCH_USER_PATHS = NO;
				CLANG_CXX_LANGUAGE_STANDARD = "gnu++0x";
				CLANG_CXX_LIBRARY = "libc++";
				CLANG_ENABLE_MODULES = YES;
				CLANG_ENABLE_OBJC_ARC = YES;
				CLANG_WARN_BOOL_CONVERSION = YES;
				CLANG_WARN_CONSTANT_CONVERSION = YES;
				CLANG_WARN_DIRECT_OBJC_ISA_USAGE = YES_ERROR;
				CLANG_WARN_EMPTY_BODY = YES;
				CLANG_WARN_ENUM_CONVERSION = YES;
				CLANG_WARN_INT_CONVERSION = YES;
				CLANG_WARN_OBJC_ROOT_CLASS = YES_ERROR;
				CLANG_WARN_UNREACHABLE_CODE = YES;
				CLANG_WARN__DUPLICATE_METHOD_MATCH = YES;
				"CODE_SIGN_IDENTITY[sdk=iphoneos*]" = "iPhone Developer";
				COPY_PHASE_STRIP = YES;
				ENABLE_NS_ASSERTIONS = NO;
				ENABLE_STRICT_OBJC_MSGSEND = YES;
				GCC_C_LANGUAGE_STANDARD = gnu99;
				GCC_WARN_64_TO_32_BIT_CONVERSION = YES;
				GCC_WARN_ABOUT_RETURN_TYPE = YES_ERROR;
				GCC_WARN_UNDECLARED_SELECTOR = YES;
				GCC_WARN_UNINITIALIZED_AUTOS = YES_AGGRESSIVE;
				GCC_WARN_UNUSED_FUNCTION = YES;
				GCC_WARN_UNUSED_VARIABLE = YES;
				IPHONEOS_DEPLOYMENT_TARGET = 8.0;
				MTL_ENABLE_DEBUG_INFO = NO;
				SDKROOT = iphoneos;
				VALIDATE_PRODUCT = YES;
			};
			name = Release;
		};
		66D434E719AEAE7200C1C261 /* Debug */ = {
			isa = XCBuildConfiguration;
			buildSettings = {
				ASSETCATALOG_COMPILER_APPICON_NAME = AppIcon;
				ASSETCATALOG_COMPILER_LAUNCHIMAGE_NAME = LaunchImage;
				CLANG_ENABLE_MODULES = YES;
				CODE_SIGN_IDENTITY = "iPhone Developer";
				"CODE_SIGN_IDENTITY[sdk=iphoneos*]" = "iPhone Developer";
				FRAMEWORK_SEARCH_PATHS = (
					"$(inherited)",
					"$(PROJECT_DIR)/Steps",
				);
				INFOPLIST_FILE = Steps/Info.plist;
				IPHONEOS_DEPLOYMENT_TARGET = 7.0;
				LD_RUNPATH_SEARCH_PATHS = "$(inherited) @executable_path/Frameworks";
				LIBRARY_SEARCH_PATHS = (
					"$(inherited)",
					"$(PROJECT_DIR)/Steps/Flurry",
				);
				PRODUCT_NAME = "$(TARGET_NAME)";
				PROVISIONING_PROFILE = "";
				SWIFT_OBJC_BRIDGING_HEADER = "Steps/Steps-Bridging-Header.h";
				SWIFT_OPTIMIZATION_LEVEL = "-Onone";
			};
			name = Debug;
		};
		66D434E819AEAE7200C1C261 /* Release */ = {
			isa = XCBuildConfiguration;
			buildSettings = {
				ASSETCATALOG_COMPILER_APPICON_NAME = AppIcon;
				ASSETCATALOG_COMPILER_LAUNCHIMAGE_NAME = LaunchImage;
				CLANG_ENABLE_MODULES = YES;
				CODE_SIGN_IDENTITY = "iPhone Developer";
				"CODE_SIGN_IDENTITY[sdk=iphoneos*]" = "iPhone Developer";
				FRAMEWORK_SEARCH_PATHS = (
					"$(inherited)",
					"$(PROJECT_DIR)/Steps",
				);
				INFOPLIST_FILE = Steps/Info.plist;
				IPHONEOS_DEPLOYMENT_TARGET = 7.0;
				LD_RUNPATH_SEARCH_PATHS = "$(inherited) @executable_path/Frameworks";
				LIBRARY_SEARCH_PATHS = (
					"$(inherited)",
					"$(PROJECT_DIR)/Steps/Flurry",
				);
				PRODUCT_NAME = "$(TARGET_NAME)";
				PROVISIONING_PROFILE = "";
				SWIFT_OBJC_BRIDGING_HEADER = "Steps/Steps-Bridging-Header.h";
			};
			name = Release;
		};
		66D434EA19AEAE7200C1C261 /* Debug */ = {
			isa = XCBuildConfiguration;
			buildSettings = {
				BUNDLE_LOADER = "$(TEST_HOST)";
				FRAMEWORK_SEARCH_PATHS = (
					"$(SDKROOT)/Developer/Library/Frameworks",
					"$(inherited)",
				);
				GCC_PREPROCESSOR_DEFINITIONS = (
					"DEBUG=1",
					"$(inherited)",
				);
				INFOPLIST_FILE = StepsTests/Info.plist;
				LD_RUNPATH_SEARCH_PATHS = "$(inherited) @executable_path/Frameworks @loader_path/Frameworks";
				PRODUCT_NAME = "$(TARGET_NAME)";
				TEST_HOST = "$(BUILT_PRODUCTS_DIR)/Steps.app/Steps";
			};
			name = Debug;
		};
		66D434EB19AEAE7200C1C261 /* Release */ = {
			isa = XCBuildConfiguration;
			buildSettings = {
				BUNDLE_LOADER = "$(TEST_HOST)";
				FRAMEWORK_SEARCH_PATHS = (
					"$(SDKROOT)/Developer/Library/Frameworks",
					"$(inherited)",
				);
				INFOPLIST_FILE = StepsTests/Info.plist;
				LD_RUNPATH_SEARCH_PATHS = "$(inherited) @executable_path/Frameworks @loader_path/Frameworks";
				PRODUCT_NAME = "$(TARGET_NAME)";
				TEST_HOST = "$(BUILT_PRODUCTS_DIR)/Steps.app/Steps";
			};
			name = Release;
		};
/* End XCBuildConfiguration section */

/* Begin XCConfigurationList section */
		66D434C519AEAE7100C1C261 /* Build configuration list for PBXProject "Steps" */ = {
			isa = XCConfigurationList;
			buildConfigurations = (
				66D434E419AEAE7200C1C261 /* Debug */,
				66D434E519AEAE7200C1C261 /* Release */,
			);
			defaultConfigurationIsVisible = 0;
			defaultConfigurationName = Release;
		};
		66D434E619AEAE7200C1C261 /* Build configuration list for PBXNativeTarget "Steps" */ = {
			isa = XCConfigurationList;
			buildConfigurations = (
				66D434E719AEAE7200C1C261 /* Debug */,
				66D434E819AEAE7200C1C261 /* Release */,
			);
			defaultConfigurationIsVisible = 0;
			defaultConfigurationName = Release;
		};
		66D434E919AEAE7200C1C261 /* Build configuration list for PBXNativeTarget "StepsTests" */ = {
			isa = XCConfigurationList;
			buildConfigurations = (
				66D434EA19AEAE7200C1C261 /* Debug */,
				66D434EB19AEAE7200C1C261 /* Release */,
			);
			defaultConfigurationIsVisible = 0;
			defaultConfigurationName = Release;
		};
/* End XCConfigurationList section */
	};
	rootObject = 66D434C219AEAE7100C1C261 /* Project object */;
}
